
Microsoft Visual Studio Solution File, Format Version 12.00
# Visual Studio 15
VisualStudioVersion = 15.0.28307.1267
MinimumVisualStudioVersion = 10.0.40219.1
Project("{FAE04EC0-301F-11D3-BF4B-00C04F79EFBC}") = "Laba4", "Laba4\Laba4.csproj", "{FDB2138E-1139-4267-A43B-5100049C168B}"
EndProject
Project("{FAE04EC0-301F-11D3-BF4B-00C04F79EFBC}") = "Laba5", "Laba5\Laba5.csproj", "{28E51ABA-CE74-444C-8C1C-3BDE0A8B2B5F}"
EndProject
Project("{FAE04EC0-301F-11D3-BF4B-00C04F79EFBC}") = "Laba6", "Laba6\Laba6.csproj", "{5275FA01-A149-4EE8-9F00-7A6E77374365}"
EndProject
Project("{FAE04EC0-301F-11D3-BF4B-00C04F79EFBC}") = "Laba7Stroki", "Laba7Stroki\Laba7Stroki.csproj", "{353A37D4-075B-46C9-9D05-88EA4F82FE84}"
EndProject
Project("{FAE04EC0-301F-11D3-BF4B-00C04F79EFBC}") = "Laba_11", "Laba_11\Laba_11.csproj", "{D6845D97-D0D9-4193-8655-CB47705DBF7C}"
EndProject
Project("{FAE04EC0-301F-11D3-BF4B-00C04F79EFBC}") = "laba6PracticeTask2", "laba6PracticeTask2\laba6PracticeTask2.csproj", "{255FF618-1B36-4858-B3E0-20CC2960BED2}"
EndProject
Project("{FAE04EC0-301F-11D3-BF4B-00C04F79EFBC}") = "Laba9", "Laba9\Laba9.csproj", "{CAB87C5D-162D-46EE-A73F-DF499349623C}"
EndProject
Project("{FAE04EC0-301F-11D3-BF4B-00C04F79EFBC}") = "Laba10", "Laba10\Laba10.csproj", "{F02771F8-00EE-498C-B5FE-51866571FA3E}"
EndProject
Project("{FAE04EC0-301F-11D3-BF4B-00C04F79EFBC}") = "laba10_2", "laba10_2\laba10_2.csproj", "{57DB5EE4-235F-47FF-ABC1-406381E3BA86}"
EndProject
Project("{FAE04EC0-301F-11D3-BF4B-00C04F79EFBC}") = "RegexLaba", "RegexLaba\RegexLaba.csproj", "{811CC6A0-0E69-4922-8436-53A06F76A6B7}"
EndProject
Project("{FAE04EC0-301F-11D3-BF4B-00C04F79EFBC}") = "PDandPL_laba13", "PDandPL_laba13\PDandPL_laba13.csproj", "{790DE7B2-2336-47AB-9003-2BE248E1A561}"
EndProject
Project("{FAE04EC0-301F-11D3-BF4B-00C04F79EFBC}") = "Laba14", "Laba14\Laba14.csproj", "{A692C77D-3F5E-43DA-BD0A-E8A0179917C7}"
EndProject
Project("{FAE04EC0-301F-11D3-BF4B-00C04F79EFBC}") = "Laba15", "Laba15\Laba15.csproj", "{5F05A0B4-FF1A-4C36-8E5A-7227B8406769}"
EndProject
Project("{FAE04EC0-301F-11D3-BF4B-00C04F79EFBC}") = "laba_15.2", "laba_15.2\laba_15.2.csproj", "{9818B3FD-BC89-48F1-8567-C26651F295B4}"
EndProject
Project("{FAE04EC0-301F-11D3-BF4B-00C04F79EFBC}") = "Laba15Dop", "Laba15Dop\Laba15Dop.csproj", "{B3D207CA-6A31-4993-8CC7-E85F0F63AFF9}"
EndProject
Project("{FAE04EC0-301F-11D3-BF4B-00C04F79EFBC}") = "laba_16", "laba_16\laba_16.csproj", "{667305B7-41D2-4B8D-B797-07C4C49A09B5}"
EndProject
Project("{FAE04EC0-301F-11D3-BF4B-00C04F79EFBC}") = "Laba_16.2", "Laba_16.2\Laba_16.2.csproj", "{77091C8E-CE0C-4A13-815F-69A11B33627A}"
EndProject
Project("{FAE04EC0-301F-11D3-BF4B-00C04F79EFBC}") = "PracticeWithLinqAndXML", "PracticeWithLinqAndXML\PracticeWithLinqAndXML.csproj", "{8E528CF6-DB1C-479E-B55D-3963D6C5DE8E}"
EndProject
Project("{FAE04EC0-301F-11D3-BF4B-00C04F79EFBC}") = "laba_18", "laba_18\laba_18.csproj", "{EE51BB5F-4B43-4E7C-B3ED-FF6B676FD345}"
EndProject
Project("{FAE04EC0-301F-11D3-BF4B-00C04F79EFBC}") = "laba_18_2", "laba_18_2\laba_18_2.csproj", "{6736237A-1190-42FC-8473-4F907281FD8E}"
EndProject
Project("{FAE04EC0-301F-11D3-BF4B-00C04F79EFBC}") = "Laba_19", "Laba_19\Laba_19.csproj", "{1BE05743-5C1B-4BC5-BB52-C29C76AF74D7}"
EndProject
Project("{FAE04EC0-301F-11D3-BF4B-00C04F79EFBC}") = "PodgotovkaOKR_1", "PodgotovkaOKR\PodgotovkaOKR_1.csproj", "{55001C12-38E4-4C91-A929-F6E0F7AD5B1E}"
EndProject
Global
	GlobalSection(SolutionConfigurationPlatforms) = preSolution
		Debug|Any CPU = Debug|Any CPU
		Release|Any CPU = Release|Any CPU
	EndGlobalSection
	GlobalSection(ProjectConfigurationPlatforms) = postSolution
		{FDB2138E-1139-4267-A43B-5100049C168B}.Debug|Any CPU.ActiveCfg = Debug|Any CPU
		{FDB2138E-1139-4267-A43B-5100049C168B}.Debug|Any CPU.Build.0 = Debug|Any CPU
		{FDB2138E-1139-4267-A43B-5100049C168B}.Release|Any CPU.ActiveCfg = Release|Any CPU
		{FDB2138E-1139-4267-A43B-5100049C168B}.Release|Any CPU.Build.0 = Release|Any CPU
		{28E51ABA-CE74-444C-8C1C-3BDE0A8B2B5F}.Debug|Any CPU.ActiveCfg = Debug|Any CPU
		{28E51ABA-CE74-444C-8C1C-3BDE0A8B2B5F}.Debug|Any CPU.Build.0 = Debug|Any CPU
		{28E51ABA-CE74-444C-8C1C-3BDE0A8B2B5F}.Release|Any CPU.ActiveCfg = Release|Any CPU
		{28E51ABA-CE74-444C-8C1C-3BDE0A8B2B5F}.Release|Any CPU.Build.0 = Release|Any CPU
		{5275FA01-A149-4EE8-9F00-7A6E77374365}.Debug|Any CPU.ActiveCfg = Debug|Any CPU
		{5275FA01-A149-4EE8-9F00-7A6E77374365}.Debug|Any CPU.Build.0 = Debug|Any CPU
		{5275FA01-A149-4EE8-9F00-7A6E77374365}.Release|Any CPU.ActiveCfg = Release|Any CPU
		{5275FA01-A149-4EE8-9F00-7A6E77374365}.Release|Any CPU.Build.0 = Release|Any CPU
		{353A37D4-075B-46C9-9D05-88EA4F82FE84}.Debug|Any CPU.ActiveCfg = Debug|Any CPU
		{353A37D4-075B-46C9-9D05-88EA4F82FE84}.Debug|Any CPU.Build.0 = Debug|Any CPU
		{353A37D4-075B-46C9-9D05-88EA4F82FE84}.Release|Any CPU.ActiveCfg = Release|Any CPU
		{353A37D4-075B-46C9-9D05-88EA4F82FE84}.Release|Any CPU.Build.0 = Release|Any CPU
		{D6845D97-D0D9-4193-8655-CB47705DBF7C}.Debug|Any CPU.ActiveCfg = Debug|Any CPU
		{D6845D97-D0D9-4193-8655-CB47705DBF7C}.Debug|Any CPU.Build.0 = Debug|Any CPU
		{D6845D97-D0D9-4193-8655-CB47705DBF7C}.Release|Any CPU.ActiveCfg = Release|Any CPU
		{D6845D97-D0D9-4193-8655-CB47705DBF7C}.Release|Any CPU.Build.0 = Release|Any CPU
		{255FF618-1B36-4858-B3E0-20CC2960BED2}.Debug|Any CPU.ActiveCfg = Debug|Any CPU
		{255FF618-1B36-4858-B3E0-20CC2960BED2}.Debug|Any CPU.Build.0 = Debug|Any CPU
		{255FF618-1B36-4858-B3E0-20CC2960BED2}.Release|Any CPU.ActiveCfg = Release|Any CPU
		{255FF618-1B36-4858-B3E0-20CC2960BED2}.Release|Any CPU.Build.0 = Release|Any CPU
		{CAB87C5D-162D-46EE-A73F-DF499349623C}.Debug|Any CPU.ActiveCfg = Debug|Any CPU
		{CAB87C5D-162D-46EE-A73F-DF499349623C}.Debug|Any CPU.Build.0 = Debug|Any CPU
		{CAB87C5D-162D-46EE-A73F-DF499349623C}.Release|Any CPU.ActiveCfg = Release|Any CPU
		{CAB87C5D-162D-46EE-A73F-DF499349623C}.Release|Any CPU.Build.0 = Release|Any CPU
		{F02771F8-00EE-498C-B5FE-51866571FA3E}.Debug|Any CPU.ActiveCfg = Debug|Any CPU
		{F02771F8-00EE-498C-B5FE-51866571FA3E}.Debug|Any CPU.Build.0 = Debug|Any CPU
		{F02771F8-00EE-498C-B5FE-51866571FA3E}.Release|Any CPU.ActiveCfg = Release|Any CPU
		{F02771F8-00EE-498C-B5FE-51866571FA3E}.Release|Any CPU.Build.0 = Release|Any CPU
		{57DB5EE4-235F-47FF-ABC1-406381E3BA86}.Debug|Any CPU.ActiveCfg = Debug|Any CPU
		{57DB5EE4-235F-47FF-ABC1-406381E3BA86}.Debug|Any CPU.Build.0 = Debug|Any CPU
		{57DB5EE4-235F-47FF-ABC1-406381E3BA86}.Release|Any CPU.ActiveCfg = Release|Any CPU
		{57DB5EE4-235F-47FF-ABC1-406381E3BA86}.Release|Any CPU.Build.0 = Release|Any CPU
		{811CC6A0-0E69-4922-8436-53A06F76A6B7}.Debug|Any CPU.ActiveCfg = Debug|Any CPU
		{811CC6A0-0E69-4922-8436-53A06F76A6B7}.Debug|Any CPU.Build.0 = Debug|Any CPU
		{811CC6A0-0E69-4922-8436-53A06F76A6B7}.Release|Any CPU.ActiveCfg = Release|Any CPU
		{811CC6A0-0E69-4922-8436-53A06F76A6B7}.Release|Any CPU.Build.0 = Release|Any CPU
		{790DE7B2-2336-47AB-9003-2BE248E1A561}.Debug|Any CPU.ActiveCfg = Debug|Any CPU
		{790DE7B2-2336-47AB-9003-2BE248E1A561}.Debug|Any CPU.Build.0 = Debug|Any CPU
		{790DE7B2-2336-47AB-9003-2BE248E1A561}.Release|Any CPU.ActiveCfg = Release|Any CPU
		{790DE7B2-2336-47AB-9003-2BE248E1A561}.Release|Any CPU.Build.0 = Release|Any CPU
		{A692C77D-3F5E-43DA-BD0A-E8A0179917C7}.Debug|Any CPU.ActiveCfg = Debug|Any CPU
		{A692C77D-3F5E-43DA-BD0A-E8A0179917C7}.Debug|Any CPU.Build.0 = Debug|Any CPU
		{A692C77D-3F5E-43DA-BD0A-E8A0179917C7}.Release|Any CPU.ActiveCfg = Release|Any CPU
		{A692C77D-3F5E-43DA-BD0A-E8A0179917C7}.Release|Any CPU.Build.0 = Release|Any CPU
		{5F05A0B4-FF1A-4C36-8E5A-7227B8406769}.Debug|Any CPU.ActiveCfg = Debug|Any CPU
		{5F05A0B4-FF1A-4C36-8E5A-7227B8406769}.Debug|Any CPU.Build.0 = Debug|Any CPU
		{5F05A0B4-FF1A-4C36-8E5A-7227B8406769}.Release|Any CPU.ActiveCfg = Release|Any CPU
		{5F05A0B4-FF1A-4C36-8E5A-7227B8406769}.Release|Any CPU.Build.0 = Release|Any CPU
		{9818B3FD-BC89-48F1-8567-C26651F295B4}.Debug|Any CPU.ActiveCfg = Debug|Any CPU
		{9818B3FD-BC89-48F1-8567-C26651F295B4}.Debug|Any CPU.Build.0 = Debug|Any CPU
		{9818B3FD-BC89-48F1-8567-C26651F295B4}.Release|Any CPU.ActiveCfg = Release|Any CPU
		{9818B3FD-BC89-48F1-8567-C26651F295B4}.Release|Any CPU.Build.0 = Release|Any CPU
		{B3D207CA-6A31-4993-8CC7-E85F0F63AFF9}.Debug|Any CPU.ActiveCfg = Debug|Any CPU
		{B3D207CA-6A31-4993-8CC7-E85F0F63AFF9}.Debug|Any CPU.Build.0 = Debug|Any CPU
		{B3D207CA-6A31-4993-8CC7-E85F0F63AFF9}.Release|Any CPU.ActiveCfg = Release|Any CPU
		{B3D207CA-6A31-4993-8CC7-E85F0F63AFF9}.Release|Any CPU.Build.0 = Release|Any CPU
		{667305B7-41D2-4B8D-B797-07C4C49A09B5}.Debug|Any CPU.ActiveCfg = Debug|Any CPU
		{667305B7-41D2-4B8D-B797-07C4C49A09B5}.Debug|Any CPU.Build.0 = Debug|Any CPU
		{667305B7-41D2-4B8D-B797-07C4C49A09B5}.Release|Any CPU.ActiveCfg = Release|Any CPU
		{667305B7-41D2-4B8D-B797-07C4C49A09B5}.Release|Any CPU.Build.0 = Release|Any CPU
		{77091C8E-CE0C-4A13-815F-69A11B33627A}.Debug|Any CPU.ActiveCfg = Debug|Any CPU
		{77091C8E-CE0C-4A13-815F-69A11B33627A}.Debug|Any CPU.Build.0 = Debug|Any CPU
		{77091C8E-CE0C-4A13-815F-69A11B33627A}.Release|Any CPU.ActiveCfg = Release|Any CPU
		{77091C8E-CE0C-4A13-815F-69A11B33627A}.Release|Any CPU.Build.0 = Release|Any CPU
		{8E528CF6-DB1C-479E-B55D-3963D6C5DE8E}.Debug|Any CPU.ActiveCfg = Debug|Any CPU
		{8E528CF6-DB1C-479E-B55D-3963D6C5DE8E}.Debug|Any CPU.Build.0 = Debug|Any CPU
		{8E528CF6-DB1C-479E-B55D-3963D6C5DE8E}.Release|Any CPU.ActiveCfg = Release|Any CPU
		{8E528CF6-DB1C-479E-B55D-3963D6C5DE8E}.Release|Any CPU.Build.0 = Release|Any CPU
		{EE51BB5F-4B43-4E7C-B3ED-FF6B676FD345}.Debug|Any CPU.ActiveCfg = Debug|Any CPU
		{EE51BB5F-4B43-4E7C-B3ED-FF6B676FD345}.Debug|Any CPU.Build.0 = Debug|Any CPU
		{EE51BB5F-4B43-4E7C-B3ED-FF6B676FD345}.Release|Any CPU.ActiveCfg = Release|Any CPU
		{EE51BB5F-4B43-4E7C-B3ED-FF6B676FD345}.Release|Any CPU.Build.0 = Release|Any CPU
		{6736237A-1190-42FC-8473-4F907281FD8E}.Debug|Any CPU.ActiveCfg = Debug|Any CPU
		{6736237A-1190-42FC-8473-4F907281FD8E}.Debug|Any CPU.Build.0 = Debug|Any CPU
		{6736237A-1190-42FC-8473-4F907281FD8E}.Release|Any CPU.ActiveCfg = Release|Any CPU
		{6736237A-1190-42FC-8473-4F907281FD8E}.Release|Any CPU.Build.0 = Release|Any CPU
		{1BE05743-5C1B-4BC5-BB52-C29C76AF74D7}.Debug|Any CPU.ActiveCfg = Debug|Any CPU
		{1BE05743-5C1B-4BC5-BB52-C29C76AF74D7}.Debug|Any CPU.Build.0 = Debug|Any CPU
		{1BE05743-5C1B-4BC5-BB52-C29C76AF74D7}.Release|Any CPU.ActiveCfg = Release|Any CPU
		{1BE05743-5C1B-4BC5-BB52-C29C76AF74D7}.Release|Any CPU.Build.0 = Release|Any CPU
		{55001C12-38E4-4C91-A929-F6E0F7AD5B1E}.Debug|Any CPU.ActiveCfg = Debug|Any CPU
		{55001C12-38E4-4C91-A929-F6E0F7AD5B1E}.Debug|Any CPU.Build.0 = Debug|Any CPU
		{55001C12-38E4-4C91-A929-F6E0F7AD5B1E}.Release|Any CPU.ActiveCfg = Release|Any CPU
		{55001C12-38E4-4C91-A929-F6E0F7AD5B1E}.Release|Any CPU.Build.0 = Release|Any CPU
	EndGlobalSection
	GlobalSection(SolutionProperties) = preSolution
		HideSolutionNode = FALSE
	EndGlobalSection
	GlobalSection(ExtensibilityGlobals) = postSolution
		SolutionGuid = {DF085A73-80F8-498D-B607-7E4A6C4A53EE}
	EndGlobalSection
EndGlobal
